
Microsoft Visual Studio Solution File, Format Version 12.00
# Visual Studio Version 16
VisualStudioVersion = 16.0.31005.135
MinimumVisualStudioVersion = 10.0.40219.1
Project("{FAE04EC0-301F-11D3-BF4B-00C04F79EFBC}") = "Redbridge.Owin", "Redbridge.Owin\Redbridge.Owin.csproj", "{C1E23B39-347C-456C-B3DE-6015258A4F43}"
EndProject
Global
	GlobalSection(SolutionConfigurationPlatforms) = preSolution
		Debug|Any CPU = Debug|Any CPU
		Release|Any CPU = Release|Any CPU
	EndGlobalSection
	GlobalSection(ProjectConfigurationPlatforms) = postSolution
		{C1E23B39-347C-456C-B3DE-6015258A4F43}.Debug|Any CPU.ActiveCfg = Debug|Any CPU
		{C1E23B39-347C-456C-B3DE-6015258A4F43}.Debug|Any CPU.Build.0 = Debug|Any CPU
		{C1E23B39-347C-456C-B3DE-6015258A4F43}.Release|Any CPU.ActiveCfg = Release|Any CPU
		{C1E23B39-347C-456C-B3DE-6015258A4F43}.Release|Any CPU.Build.0 = Release|Any CPU
	EndGlobalSection
	GlobalSection(SolutionProperties) = preSolution
		HideSolutionNode = FALSE
	EndGlobalSection
	GlobalSection(ExtensibilityGlobals) = postSolution
		SolutionGuid = {E7D6BE22-2028-45ED-A5A8-1448B7B31B32}
	EndGlobalSection
EndGlobal
